// !$*UTF8*$!
{
	archiveVersion = 1;
	classes = {
	};
	objectVersion = 46;
	objects = {

/* Begin PBXBuildFile section */
		FE1D7F231F06A3420028CCA8 /* main.m in Sources */ = {isa = PBXBuildFile; fileRef = FE1D7F221F06A3420028CCA8 /* main.m */; };
		FE1D7F261F06A3420028CCA8 /* AppDelegate.m in Sources */ = {isa = PBXBuildFile; fileRef = FE1D7F251F06A3420028CCA8 /* AppDelegate.m */; };
		FE1D7F291F06A3420028CCA8 /* ViewController.m in Sources */ = {isa = PBXBuildFile; fileRef = FE1D7F281F06A3420028CCA8 /* ViewController.m */; };
		FE1D7F2C1F06A3420028CCA8 /* Main.storyboard in Resources */ = {isa = PBXBuildFile; fileRef = FE1D7F2A1F06A3420028CCA8 /* Main.storyboard */; };
		FE1D7F2E1F06A3420028CCA8 /* Assets.xcassets in Resources */ = {isa = PBXBuildFile; fileRef = FE1D7F2D1F06A3420028CCA8 /* Assets.xcassets */; };
		FE1D7F311F06A3420028CCA8 /* LaunchScreen.storyboard in Resources */ = {isa = PBXBuildFile; fileRef = FE1D7F2F1F06A3420028CCA8 /* LaunchScreen.storyboard */; };
		FE1D7F3C1F06A3420028CCA8 /* TestCarthageDemoTests.m in Sources */ = {isa = PBXBuildFile; fileRef = FE1D7F3B1F06A3420028CCA8 /* TestCarthageDemoTests.m */; };
		FE1D7F471F06A3420028CCA8 /* TestCarthageDemoUITests.m in Sources */ = {isa = PBXBuildFile; fileRef = FE1D7F461F06A3420028CCA8 /* TestCarthageDemoUITests.m */; };
		FE1D7F831F06A9100028CCA8 /* DJPeople.m in Sources */ = {isa = PBXBuildFile; fileRef = FE1D7F821F06A9100028CCA8 /* DJPeople.m */; };
		FE1D7F921F06A95A0028CCA8 /* MyCarthage.framework in Frameworks */ = {isa = PBXBuildFile; fileRef = FE1D7F891F06A9590028CCA8 /* MyCarthage.framework */; };
		FE1D7F991F06A95A0028CCA8 /* MyCarthageFrameworkTests.m in Sources */ = {isa = PBXBuildFile; fileRef = FE1D7F981F06A95A0028CCA8 /* MyCarthageFrameworkTests.m */; };
		FE1D7F9E1F06A95A0028CCA8 /* MyCarthage.framework in Frameworks */ = {isa = PBXBuildFile; fileRef = FE1D7F891F06A9590028CCA8 /* MyCarthage.framework */; };
		FE1D7F9F1F06A95A0028CCA8 /* MyCarthage.framework in Embed Frameworks */ = {isa = PBXBuildFile; fileRef = FE1D7F891F06A9590028CCA8 /* MyCarthage.framework */; settings = {ATTRIBUTES = (CodeSignOnCopy, RemoveHeadersOnCopy, ); }; };
		FE1D7FA71F06A9820028CCA8 /* DJPeople.m in Sources */ = {isa = PBXBuildFile; fileRef = FE1D7F821F06A9100028CCA8 /* DJPeople.m */; };
		FE1D7FA81F06A98E0028CCA8 /* MyCarthage.h in Headers */ = {isa = PBXBuildFile; fileRef = FE1D7F801F06A9000028CCA8 /* MyCarthage.h */; settings = {ATTRIBUTES = (Public, ); }; };
		FE1D7FA91F06A9910028CCA8 /* DJPeople.h in Headers */ = {isa = PBXBuildFile; fileRef = FE1D7F811F06A9100028CCA8 /* DJPeople.h */; settings = {ATTRIBUTES = (Public, ); }; };
/* End PBXBuildFile section */

/* Begin PBXContainerItemProxy section */
		FE1D7F381F06A3420028CCA8 /* PBXContainerItemProxy */ = {
			isa = PBXContainerItemProxy;
			containerPortal = FE1D7F161F06A3420028CCA8 /* Project object */;
			proxyType = 1;
			remoteGlobalIDString = FE1D7F1D1F06A3420028CCA8;
			remoteInfo = TestCarthageDemo;
		};
		FE1D7F431F06A3420028CCA8 /* PBXContainerItemProxy */ = {
			isa = PBXContainerItemProxy;
			containerPortal = FE1D7F161F06A3420028CCA8 /* Project object */;
			proxyType = 1;
			remoteGlobalIDString = FE1D7F1D1F06A3420028CCA8;
			remoteInfo = TestCarthageDemo;
		};
		FE1D7F931F06A95A0028CCA8 /* PBXContainerItemProxy */ = {
			isa = PBXContainerItemProxy;
			containerPortal = FE1D7F161F06A3420028CCA8 /* Project object */;
			proxyType = 1;
			remoteGlobalIDString = FE1D7F881F06A9590028CCA8;
			remoteInfo = MyCarthageFramework;
		};
		FE1D7F951F06A95A0028CCA8 /* PBXContainerItemProxy */ = {
			isa = PBXContainerItemProxy;
			containerPortal = FE1D7F161F06A3420028CCA8 /* Project object */;
			proxyType = 1;
			remoteGlobalIDString = FE1D7F1D1F06A3420028CCA8;
			remoteInfo = TestCarthageDemo;
		};
		FE1D7F9C1F06A95A0028CCA8 /* PBXContainerItemProxy */ = {
			isa = PBXContainerItemProxy;
			containerPortal = FE1D7F161F06A3420028CCA8 /* Project object */;
			proxyType = 1;
			remoteGlobalIDString = FE1D7F881F06A9590028CCA8;
			remoteInfo = MyCarthageFramework;
		};
/* End PBXContainerItemProxy section */

/* Begin PBXCopyFilesBuildPhase section */
		FE1D7FA31F06A95A0028CCA8 /* Embed Frameworks */ = {
			isa = PBXCopyFilesBuildPhase;
			buildActionMask = 2147483647;
			dstPath = "";
			dstSubfolderSpec = 10;
			files = (
				FE1D7F9F1F06A95A0028CCA8 /* MyCarthage.framework in Embed Frameworks */,
			);
			name = "Embed Frameworks";
			runOnlyForDeploymentPostprocessing = 0;
		};
/* End PBXCopyFilesBuildPhase section */

/* Begin PBXFileReference section */
		FE1D7F1E1F06A3420028CCA8 /* TestCarthageDemo.app */ = {isa = PBXFileReference; explicitFileType = wrapper.application; includeInIndex = 0; path = TestCarthageDemo.app; sourceTree = BUILT_PRODUCTS_DIR; };
		FE1D7F221F06A3420028CCA8 /* main.m */ = {isa = PBXFileReference; lastKnownFileType = sourcecode.c.objc; path = main.m; sourceTree = "<group>"; };
		FE1D7F241F06A3420028CCA8 /* AppDelegate.h */ = {isa = PBXFileReference; lastKnownFileType = sourcecode.c.h; path = AppDelegate.h; sourceTree = "<group>"; };
		FE1D7F251F06A3420028CCA8 /* AppDelegate.m */ = {isa = PBXFileReference; lastKnownFileType = sourcecode.c.objc; path = AppDelegate.m; sourceTree = "<group>"; };
		FE1D7F271F06A3420028CCA8 /* ViewController.h */ = {isa = PBXFileReference; lastKnownFileType = sourcecode.c.h; path = ViewController.h; sourceTree = "<group>"; };
		FE1D7F281F06A3420028CCA8 /* ViewController.m */ = {isa = PBXFileReference; lastKnownFileType = sourcecode.c.objc; path = ViewController.m; sourceTree = "<group>"; };
		FE1D7F2B1F06A3420028CCA8 /* Base */ = {isa = PBXFileReference; lastKnownFileType = file.storyboard; name = Base; path = Base.lproj/Main.storyboard; sourceTree = "<group>"; };
		FE1D7F2D1F06A3420028CCA8 /* Assets.xcassets */ = {isa = PBXFileReference; lastKnownFileType = folder.assetcatalog; path = Assets.xcassets; sourceTree = "<group>"; };
		FE1D7F301F06A3420028CCA8 /* Base */ = {isa = PBXFileReference; lastKnownFileType = file.storyboard; name = Base; path = Base.lproj/LaunchScreen.storyboard; sourceTree = "<group>"; };
		FE1D7F321F06A3420028CCA8 /* Info.plist */ = {isa = PBXFileReference; lastKnownFileType = text.plist.xml; path = Info.plist; sourceTree = "<group>"; };
		FE1D7F371F06A3420028CCA8 /* TestCarthageDemoTests.xctest */ = {isa = PBXFileReference; explicitFileType = wrapper.cfbundle; includeInIndex = 0; path = TestCarthageDemoTests.xctest; sourceTree = BUILT_PRODUCTS_DIR; };
		FE1D7F3B1F06A3420028CCA8 /* TestCarthageDemoTests.m */ = {isa = PBXFileReference; lastKnownFileType = sourcecode.c.objc; path = TestCarthageDemoTests.m; sourceTree = "<group>"; };
		FE1D7F3D1F06A3420028CCA8 /* Info.plist */ = {isa = PBXFileReference; lastKnownFileType = text.plist.xml; path = Info.plist; sourceTree = "<group>"; };
		FE1D7F421F06A3420028CCA8 /* TestCarthageDemoUITests.xctest */ = {isa = PBXFileReference; explicitFileType = wrapper.cfbundle; includeInIndex = 0; path = TestCarthageDemoUITests.xctest; sourceTree = BUILT_PRODUCTS_DIR; };
		FE1D7F461F06A3420028CCA8 /* TestCarthageDemoUITests.m */ = {isa = PBXFileReference; lastKnownFileType = sourcecode.c.objc; path = TestCarthageDemoUITests.m; sourceTree = "<group>"; };
		FE1D7F481F06A3420028CCA8 /* Info.plist */ = {isa = PBXFileReference; lastKnownFileType = text.plist.xml; path = Info.plist; sourceTree = "<group>"; };
		FE1D7F801F06A9000028CCA8 /* MyCarthage.h */ = {isa = PBXFileReference; lastKnownFileType = sourcecode.c.h; path = MyCarthage.h; sourceTree = "<group>"; };
		FE1D7F811F06A9100028CCA8 /* DJPeople.h */ = {isa = PBXFileReference; fileEncoding = 4; lastKnownFileType = sourcecode.c.h; path = DJPeople.h; sourceTree = "<group>"; };
		FE1D7F821F06A9100028CCA8 /* DJPeople.m */ = {isa = PBXFileReference; fileEncoding = 4; lastKnownFileType = sourcecode.c.objc; path = DJPeople.m; sourceTree = "<group>"; };
		FE1D7F891F06A9590028CCA8 /* MyCarthage.framework */ = {isa = PBXFileReference; explicitFileType = wrapper.framework; includeInIndex = 0; path = MyCarthage.framework; sourceTree = BUILT_PRODUCTS_DIR; };
		FE1D7F8C1F06A9590028CCA8 /* Info.plist */ = {isa = PBXFileReference; lastKnownFileType = text.plist.xml; path = Info.plist; sourceTree = "<group>"; };
		FE1D7F911F06A95A0028CCA8 /* MyCarthageFrameworkTests.xctest */ = {isa = PBXFileReference; explicitFileType = wrapper.cfbundle; includeInIndex = 0; path = MyCarthageFrameworkTests.xctest; sourceTree = BUILT_PRODUCTS_DIR; };
		FE1D7F981F06A95A0028CCA8 /* MyCarthageFrameworkTests.m */ = {isa = PBXFileReference; lastKnownFileType = sourcecode.c.objc; path = MyCarthageFrameworkTests.m; sourceTree = "<group>"; };
		FE1D7F9A1F06A95A0028CCA8 /* Info.plist */ = {isa = PBXFileReference; lastKnownFileType = text.plist.xml; path = Info.plist; sourceTree = "<group>"; };
/* End PBXFileReference section */

/* Begin PBXFrameworksBuildPhase section */
		FE1D7F1B1F06A3420028CCA8 /* Frameworks */ = {
			isa = PBXFrameworksBuildPhase;
			buildActionMask = 2147483647;
			files = (
				FE1D7F9E1F06A95A0028CCA8 /* MyCarthage.framework in Frameworks */,
			);
			runOnlyForDeploymentPostprocessing = 0;
		};
		FE1D7F341F06A3420028CCA8 /* Frameworks */ = {
			isa = PBXFrameworksBuildPhase;
			buildActionMask = 2147483647;
			files = (
			);
			runOnlyForDeploymentPostprocessing = 0;
		};
		FE1D7F3F1F06A3420028CCA8 /* Frameworks */ = {
			isa = PBXFrameworksBuildPhase;
			buildActionMask = 2147483647;
			files = (
			);
			runOnlyForDeploymentPostprocessing = 0;
		};
		FE1D7F851F06A9590028CCA8 /* Frameworks */ = {
			isa = PBXFrameworksBuildPhase;
			buildActionMask = 2147483647;
			files = (
			);
			runOnlyForDeploymentPostprocessing = 0;
		};
		FE1D7F8E1F06A95A0028CCA8 /* Frameworks */ = {
			isa = PBXFrameworksBuildPhase;
			buildActionMask = 2147483647;
			files = (
				FE1D7F921F06A95A0028CCA8 /* MyCarthage.framework in Frameworks */,
			);
			runOnlyForDeploymentPostprocessing = 0;
		};
/* End PBXFrameworksBuildPhase section */

/* Begin PBXGroup section */
		FE1D7F151F06A3420028CCA8 = {
			isa = PBXGroup;
			children = (
				FE1D7F201F06A3420028CCA8 /* TestCarthageDemo */,
				FE1D7F3A1F06A3420028CCA8 /* TestCarthageDemoTests */,
				FE1D7F451F06A3420028CCA8 /* TestCarthageDemoUITests */,
				FE1D7F8A1F06A9590028CCA8 /* MyCarthageFramework */,
				FE1D7F971F06A95A0028CCA8 /* MyCarthageFrameworkTests */,
				FE1D7F1F1F06A3420028CCA8 /* Products */,
			);
			sourceTree = "<group>";
		};
		FE1D7F1F1F06A3420028CCA8 /* Products */ = {
			isa = PBXGroup;
			children = (
				FE1D7F1E1F06A3420028CCA8 /* TestCarthageDemo.app */,
				FE1D7F371F06A3420028CCA8 /* TestCarthageDemoTests.xctest */,
				FE1D7F421F06A3420028CCA8 /* TestCarthageDemoUITests.xctest */,
				FE1D7F891F06A9590028CCA8 /* MyCarthage.framework */,
				FE1D7F911F06A95A0028CCA8 /* MyCarthageFrameworkTests.xctest */,
			);
			name = Products;
			sourceTree = "<group>";
		};
		FE1D7F201F06A3420028CCA8 /* TestCarthageDemo */ = {
			isa = PBXGroup;
			children = (
				FE1D7F7F1F06A8EE0028CCA8 /* MyCarthage */,
				FE1D7F241F06A3420028CCA8 /* AppDelegate.h */,
				FE1D7F251F06A3420028CCA8 /* AppDelegate.m */,
				FE1D7F271F06A3420028CCA8 /* ViewController.h */,
				FE1D7F281F06A3420028CCA8 /* ViewController.m */,
				FE1D7F2A1F06A3420028CCA8 /* Main.storyboard */,
				FE1D7F2D1F06A3420028CCA8 /* Assets.xcassets */,
				FE1D7F2F1F06A3420028CCA8 /* LaunchScreen.storyboard */,
				FE1D7F321F06A3420028CCA8 /* Info.plist */,
				FE1D7F211F06A3420028CCA8 /* Supporting Files */,
			);
			path = TestCarthageDemo;
			sourceTree = "<group>";
		};
		FE1D7F211F06A3420028CCA8 /* Supporting Files */ = {
			isa = PBXGroup;
			children = (
				FE1D7F221F06A3420028CCA8 /* main.m */,
			);
			name = "Supporting Files";
			sourceTree = "<group>";
		};
		FE1D7F3A1F06A3420028CCA8 /* TestCarthageDemoTests */ = {
			isa = PBXGroup;
			children = (
				FE1D7F3B1F06A3420028CCA8 /* TestCarthageDemoTests.m */,
				FE1D7F3D1F06A3420028CCA8 /* Info.plist */,
			);
			path = TestCarthageDemoTests;
			sourceTree = "<group>";
		};
		FE1D7F451F06A3420028CCA8 /* TestCarthageDemoUITests */ = {
			isa = PBXGroup;
			children = (
				FE1D7F461F06A3420028CCA8 /* TestCarthageDemoUITests.m */,
				FE1D7F481F06A3420028CCA8 /* Info.plist */,
			);
			path = TestCarthageDemoUITests;
			sourceTree = "<group>";
		};
		FE1D7F7F1F06A8EE0028CCA8 /* MyCarthage */ = {
			isa = PBXGroup;
			children = (
				FE1D7F801F06A9000028CCA8 /* MyCarthage.h */,
				FE1D7F811F06A9100028CCA8 /* DJPeople.h */,
				FE1D7F821F06A9100028CCA8 /* DJPeople.m */,
			);
			path = MyCarthage;
			sourceTree = "<group>";
		};
		FE1D7F8A1F06A9590028CCA8 /* MyCarthageFramework */ = {
			isa = PBXGroup;
			children = (
				FE1D7F8C1F06A9590028CCA8 /* Info.plist */,
			);
			path = MyCarthageFramework;
			sourceTree = "<group>";
		};
		FE1D7F971F06A95A0028CCA8 /* MyCarthageFrameworkTests */ = {
			isa = PBXGroup;
			children = (
				FE1D7F981F06A95A0028CCA8 /* MyCarthageFrameworkTests.m */,
				FE1D7F9A1F06A95A0028CCA8 /* Info.plist */,
			);
			path = MyCarthageFrameworkTests;
			sourceTree = "<group>";
		};
/* End PBXGroup section */

/* Begin PBXHeadersBuildPhase section */
		FE1D7F861F06A9590028CCA8 /* Headers */ = {
			isa = PBXHeadersBuildPhase;
			buildActionMask = 2147483647;
			files = (
				FE1D7FA81F06A98E0028CCA8 /* MyCarthage.h in Headers */,
				FE1D7FA91F06A9910028CCA8 /* DJPeople.h in Headers */,
			);
			runOnlyForDeploymentPostprocessing = 0;
		};
/* End PBXHeadersBuildPhase section */

/* Begin PBXNativeTarget section */
		FE1D7F1D1F06A3420028CCA8 /* TestCarthageDemo */ = {
			isa = PBXNativeTarget;
			buildConfigurationList = FE1D7F4B1F06A3420028CCA8 /* Build configuration list for PBXNativeTarget "TestCarthageDemo" */;
			buildPhases = (
				FE1D7F1A1F06A3420028CCA8 /* Sources */,
				FE1D7F1B1F06A3420028CCA8 /* Frameworks */,
				FE1D7F1C1F06A3420028CCA8 /* Resources */,
				FE1D7FA31F06A95A0028CCA8 /* Embed Frameworks */,
			);
			buildRules = (
			);
			dependencies = (
				FE1D7F9D1F06A95A0028CCA8 /* PBXTargetDependency */,
			);
			name = TestCarthageDemo;
			productName = TestCarthageDemo;
			productReference = FE1D7F1E1F06A3420028CCA8 /* TestCarthageDemo.app */;
			productType = "com.apple.product-type.application";
		};
		FE1D7F361F06A3420028CCA8 /* TestCarthageDemoTests */ = {
			isa = PBXNativeTarget;
			buildConfigurationList = FE1D7F4E1F06A3420028CCA8 /* Build configuration list for PBXNativeTarget "TestCarthageDemoTests" */;
			buildPhases = (
				FE1D7F331F06A3420028CCA8 /* Sources */,
				FE1D7F341F06A3420028CCA8 /* Frameworks */,
				FE1D7F351F06A3420028CCA8 /* Resources */,
			);
			buildRules = (
			);
			dependencies = (
				FE1D7F391F06A3420028CCA8 /* PBXTargetDependency */,
			);
			name = TestCarthageDemoTests;
			productName = TestCarthageDemoTests;
			productReference = FE1D7F371F06A3420028CCA8 /* TestCarthageDemoTests.xctest */;
			productType = "com.apple.product-type.bundle.unit-test";
		};
		FE1D7F411F06A3420028CCA8 /* TestCarthageDemoUITests */ = {
			isa = PBXNativeTarget;
			buildConfigurationList = FE1D7F511F06A3420028CCA8 /* Build configuration list for PBXNativeTarget "TestCarthageDemoUITests" */;
			buildPhases = (
				FE1D7F3E1F06A3420028CCA8 /* Sources */,
				FE1D7F3F1F06A3420028CCA8 /* Frameworks */,
				FE1D7F401F06A3420028CCA8 /* Resources */,
			);
			buildRules = (
			);
			dependencies = (
				FE1D7F441F06A3420028CCA8 /* PBXTargetDependency */,
			);
			name = TestCarthageDemoUITests;
			productName = TestCarthageDemoUITests;
			productReference = FE1D7F421F06A3420028CCA8 /* TestCarthageDemoUITests.xctest */;
			productType = "com.apple.product-type.bundle.ui-testing";
		};
		FE1D7F881F06A9590028CCA8 /* MyCarthageFramework */ = {
			isa = PBXNativeTarget;
			buildConfigurationList = FE1D7FA01F06A95A0028CCA8 /* Build configuration list for PBXNativeTarget "MyCarthageFramework" */;
			buildPhases = (
				FE1D7F841F06A9590028CCA8 /* Sources */,
				FE1D7F851F06A9590028CCA8 /* Frameworks */,
				FE1D7F861F06A9590028CCA8 /* Headers */,
				FE1D7F871F06A9590028CCA8 /* Resources */,
			);
			buildRules = (
			);
			dependencies = (
			);
			name = MyCarthageFramework;
			productName = MyCarthageFramework;
			productReference = FE1D7F891F06A9590028CCA8 /* MyCarthage.framework */;
			productType = "com.apple.product-type.framework";
		};
		FE1D7F901F06A95A0028CCA8 /* MyCarthageFrameworkTests */ = {
			isa = PBXNativeTarget;
			buildConfigurationList = FE1D7FA41F06A95A0028CCA8 /* Build configuration list for PBXNativeTarget "MyCarthageFrameworkTests" */;
			buildPhases = (
				FE1D7F8D1F06A95A0028CCA8 /* Sources */,
				FE1D7F8E1F06A95A0028CCA8 /* Frameworks */,
				FE1D7F8F1F06A95A0028CCA8 /* Resources */,
			);
			buildRules = (
			);
			dependencies = (
				FE1D7F941F06A95A0028CCA8 /* PBXTargetDependency */,
				FE1D7F961F06A95A0028CCA8 /* PBXTargetDependency */,
			);
			name = MyCarthageFrameworkTests;
			productName = MyCarthageFrameworkTests;
			productReference = FE1D7F911F06A95A0028CCA8 /* MyCarthageFrameworkTests.xctest */;
			productType = "com.apple.product-type.bundle.unit-test";
		};
/* End PBXNativeTarget section */

/* Begin PBXProject section */
		FE1D7F161F06A3420028CCA8 /* Project object */ = {
			isa = PBXProject;
			attributes = {
				LastUpgradeCheck = 0830;
				ORGANIZATIONNAME = "河南东京Web俱乐部";
				TargetAttributes = {
					FE1D7F1D1F06A3420028CCA8 = {
						CreatedOnToolsVersion = 8.3.3;
						ProvisioningStyle = Automatic;
					};
					FE1D7F361F06A3420028CCA8 = {
						CreatedOnToolsVersion = 8.3.3;
						ProvisioningStyle = Automatic;
						TestTargetID = FE1D7F1D1F06A3420028CCA8;
					};
					FE1D7F411F06A3420028CCA8 = {
						CreatedOnToolsVersion = 8.3.3;
						ProvisioningStyle = Automatic;
						TestTargetID = FE1D7F1D1F06A3420028CCA8;
					};
					FE1D7F881F06A9590028CCA8 = {
						CreatedOnToolsVersion = 8.3.3;
						ProvisioningStyle = Automatic;
					};
					FE1D7F901F06A95A0028CCA8 = {
						CreatedOnToolsVersion = 8.3.3;
						ProvisioningStyle = Automatic;
						TestTargetID = FE1D7F1D1F06A3420028CCA8;
					};
				};
			};
			buildConfigurationList = FE1D7F191F06A3420028CCA8 /* Build configuration list for PBXProject "TestCarthageDemo" */;
			compatibilityVersion = "Xcode 3.2";
			developmentRegion = English;
			hasScannedForEncodings = 0;
			knownRegions = (
				en,
				Base,
			);
			mainGroup = FE1D7F151F06A3420028CCA8;
			productRefGroup = FE1D7F1F1F06A3420028CCA8 /* Products */;
			projectDirPath = "";
			projectRoot = "";
			targets = (
				FE1D7F1D1F06A3420028CCA8 /* TestCarthageDemo */,
				FE1D7F361F06A3420028CCA8 /* TestCarthageDemoTests */,
				FE1D7F411F06A3420028CCA8 /* TestCarthageDemoUITests */,
				FE1D7F881F06A9590028CCA8 /* MyCarthageFramework */,
				FE1D7F901F06A95A0028CCA8 /* MyCarthageFrameworkTests */,
			);
		};
/* End PBXProject section */

/* Begin PBXResourcesBuildPhase section */
		FE1D7F1C1F06A3420028CCA8 /* Resources */ = {
			isa = PBXResourcesBuildPhase;
			buildActionMask = 2147483647;
			files = (
				FE1D7F311F06A3420028CCA8 /* LaunchScreen.storyboard in Resources */,
				FE1D7F2E1F06A3420028CCA8 /* Assets.xcassets in Resources */,
				FE1D7F2C1F06A3420028CCA8 /* Main.storyboard in Resources */,
			);
			runOnlyForDeploymentPostprocessing = 0;
		};
		FE1D7F351F06A3420028CCA8 /* Resources */ = {
			isa = PBXResourcesBuildPhase;
			buildActionMask = 2147483647;
			files = (
			);
			runOnlyForDeploymentPostprocessing = 0;
		};
		FE1D7F401F06A3420028CCA8 /* Resources */ = {
			isa = PBXResourcesBuildPhase;
			buildActionMask = 2147483647;
			files = (
			);
			runOnlyForDeploymentPostprocessing = 0;
		};
		FE1D7F871F06A9590028CCA8 /* Resources */ = {
			isa = PBXResourcesBuildPhase;
			buildActionMask = 2147483647;
			files = (
			);
			runOnlyForDeploymentPostprocessing = 0;
		};
		FE1D7F8F1F06A95A0028CCA8 /* Resources */ = {
			isa = PBXResourcesBuildPhase;
			buildActionMask = 2147483647;
			files = (
			);
			runOnlyForDeploymentPostprocessing = 0;
		};
/* End PBXResourcesBuildPhase section */

/* Begin PBXSourcesBuildPhase section */
		FE1D7F1A1F06A3420028CCA8 /* Sources */ = {
			isa = PBXSourcesBuildPhase;
			buildActionMask = 2147483647;
			files = (
				FE1D7F831F06A9100028CCA8 /* DJPeople.m in Sources */,
				FE1D7F291F06A3420028CCA8 /* ViewController.m in Sources */,
				FE1D7F261F06A3420028CCA8 /* AppDelegate.m in Sources */,
				FE1D7F231F06A3420028CCA8 /* main.m in Sources */,
			);
			runOnlyForDeploymentPostprocessing = 0;
		};
		FE1D7F331F06A3420028CCA8 /* Sources */ = {
			isa = PBXSourcesBuildPhase;
			buildActionMask = 2147483647;
			files = (
				FE1D7F3C1F06A3420028CCA8 /* TestCarthageDemoTests.m in Sources */,
			);
			runOnlyForDeploymentPostprocessing = 0;
		};
		FE1D7F3E1F06A3420028CCA8 /* Sources */ = {
			isa = PBXSourcesBuildPhase;
			buildActionMask = 2147483647;
			files = (
				FE1D7F471F06A3420028CCA8 /* TestCarthageDemoUITests.m in Sources */,
			);
			runOnlyForDeploymentPostprocessing = 0;
		};
		FE1D7F841F06A9590028CCA8 /* Sources */ = {
			isa = PBXSourcesBuildPhase;
			buildActionMask = 2147483647;
			files = (
				FE1D7FA71F06A9820028CCA8 /* DJPeople.m in Sources */,
			);
			runOnlyForDeploymentPostprocessing = 0;
		};
		FE1D7F8D1F06A95A0028CCA8 /* Sources */ = {
			isa = PBXSourcesBuildPhase;
			buildActionMask = 2147483647;
			files = (
				FE1D7F991F06A95A0028CCA8 /* MyCarthageFrameworkTests.m in Sources */,
			);
			runOnlyForDeploymentPostprocessing = 0;
		};
/* End PBXSourcesBuildPhase section */

/* Begin PBXTargetDependency section */
		FE1D7F391F06A3420028CCA8 /* PBXTargetDependency */ = {
			isa = PBXTargetDependency;
			target = FE1D7F1D1F06A3420028CCA8 /* TestCarthageDemo */;
			targetProxy = FE1D7F381F06A3420028CCA8 /* PBXContainerItemProxy */;
		};
		FE1D7F441F06A3420028CCA8 /* PBXTargetDependency */ = {
			isa = PBXTargetDependency;
			target = FE1D7F1D1F06A3420028CCA8 /* TestCarthageDemo */;
			targetProxy = FE1D7F431F06A3420028CCA8 /* PBXContainerItemProxy */;
		};
		FE1D7F941F06A95A0028CCA8 /* PBXTargetDependency */ = {
			isa = PBXTargetDependency;
			target = FE1D7F881F06A9590028CCA8 /* MyCarthageFramework */;
			targetProxy = FE1D7F931F06A95A0028CCA8 /* PBXContainerItemProxy */;
		};
		FE1D7F961F06A95A0028CCA8 /* PBXTargetDependency */ = {
			isa = PBXTargetDependency;
			target = FE1D7F1D1F06A3420028CCA8 /* TestCarthageDemo */;
			targetProxy = FE1D7F951F06A95A0028CCA8 /* PBXContainerItemProxy */;
		};
		FE1D7F9D1F06A95A0028CCA8 /* PBXTargetDependency */ = {
			isa = PBXTargetDependency;
			target = FE1D7F881F06A9590028CCA8 /* MyCarthageFramework */;
			targetProxy = FE1D7F9C1F06A95A0028CCA8 /* PBXContainerItemProxy */;
		};
/* End PBXTargetDependency section */

/* Begin PBXVariantGroup section */
		FE1D7F2A1F06A3420028CCA8 /* Main.storyboard */ = {
			isa = PBXVariantGroup;
			children = (
				FE1D7F2B1F06A3420028CCA8 /* Base */,
			);
			name = Main.storyboard;
			sourceTree = "<group>";
		};
		FE1D7F2F1F06A3420028CCA8 /* LaunchScreen.storyboard */ = {
			isa = PBXVariantGroup;
			children = (
				FE1D7F301F06A3420028CCA8 /* Base */,
			);
			name = LaunchScreen.storyboard;
			sourceTree = "<group>";
		};
/* End PBXVariantGroup section */

/* Begin XCBuildConfiguration section */
		FE1D7F491F06A3420028CCA8 /* Debug */ = {
			isa = XCBuildConfiguration;
			buildSettings = {
				ALWAYS_SEARCH_USER_PATHS = NO;
				CLANG_ANALYZER_NONNULL = YES;
				CLANG_ANALYZER_NUMBER_OBJECT_CONVERSION = YES_AGGRESSIVE;
				CLANG_CXX_LANGUAGE_STANDARD = "gnu++0x";
				CLANG_CXX_LIBRARY = "libc++";
				CLANG_ENABLE_MODULES = YES;
				CLANG_ENABLE_OBJC_ARC = YES;
				CLANG_WARN_BOOL_CONVERSION = YES;
				CLANG_WARN_CONSTANT_CONVERSION = YES;
				CLANG_WARN_DIRECT_OBJC_ISA_USAGE = YES_ERROR;
				CLANG_WARN_DOCUMENTATION_COMMENTS = YES;
				CLANG_WARN_EMPTY_BODY = YES;
				CLANG_WARN_ENUM_CONVERSION = YES;
				CLANG_WARN_INFINITE_RECURSION = YES;
				CLANG_WARN_INT_CONVERSION = YES;
				CLANG_WARN_OBJC_ROOT_CLASS = YES_ERROR;
				CLANG_WARN_SUSPICIOUS_MOVE = YES;
				CLANG_WARN_UNREACHABLE_CODE = YES;
				CLANG_WARN__DUPLICATE_METHOD_MATCH = YES;
				"CODE_SIGN_IDENTITY[sdk=iphoneos*]" = "iPhone Developer";
				COPY_PHASE_STRIP = NO;
				DEBUG_INFORMATION_FORMAT = dwarf;
				ENABLE_STRICT_OBJC_MSGSEND = YES;
				ENABLE_TESTABILITY = YES;
				GCC_C_LANGUAGE_STANDARD = gnu99;
				GCC_DYNAMIC_NO_PIC = NO;
				GCC_NO_COMMON_BLOCKS = YES;
				GCC_OPTIMIZATION_LEVEL = 0;
				GCC_PREPROCESSOR_DEFINITIONS = (
					"DEBUG=1",
					"$(inherited)",
				);
				GCC_WARN_64_TO_32_BIT_CONVERSION = YES;
				GCC_WARN_ABOUT_RETURN_TYPE = YES_ERROR;
				GCC_WARN_UNDECLARED_SELECTOR = YES;
				GCC_WARN_UNINITIALIZED_AUTOS = YES_AGGRESSIVE;
				GCC_WARN_UNUSED_FUNCTION = YES;
				GCC_WARN_UNUSED_VARIABLE = YES;
				IPHONEOS_DEPLOYMENT_TARGET = 10.3;
				MTL_ENABLE_DEBUG_INFO = YES;
				ONLY_ACTIVE_ARCH = YES;
				SDKROOT = iphoneos;
				TARGETED_DEVICE_FAMILY = "1,2";
			};
			name = Debug;
		};
		FE1D7F4A1F06A3420028CCA8 /* Release */ = {
			isa = XCBuildConfiguration;
			buildSettings = {
				ALWAYS_SEARCH_USER_PATHS = NO;
				CLANG_ANALYZER_NONNULL = YES;
				CLANG_ANALYZER_NUMBER_OBJECT_CONVERSION = YES_AGGRESSIVE;
				CLANG_CXX_LANGUAGE_STANDARD = "gnu++0x";
				CLANG_CXX_LIBRARY = "libc++";
				CLANG_ENABLE_MODULES = YES;
				CLANG_ENABLE_OBJC_ARC = YES;
				CLANG_WARN_BOOL_CONVERSION = YES;
				CLANG_WARN_CONSTANT_CONVERSION = YES;
				CLANG_WARN_DIRECT_OBJC_ISA_USAGE = YES_ERROR;
				CLANG_WARN_DOCUMENTATION_COMMENTS = YES;
				CLANG_WARN_EMPTY_BODY = YES;
				CLANG_WARN_ENUM_CONVERSION = YES;
				CLANG_WARN_INFINITE_RECURSION = YES;
				CLANG_WARN_INT_CONVERSION = YES;
				CLANG_WARN_OBJC_ROOT_CLASS = YES_ERROR;
				CLANG_WARN_SUSPICIOUS_MOVE = YES;
				CLANG_WARN_UNREACHABLE_CODE = YES;
				CLANG_WARN__DUPLICATE_METHOD_MATCH = YES;
				"CODE_SIGN_IDENTITY[sdk=iphoneos*]" = "iPhone Developer";
				COPY_PHASE_STRIP = NO;
				DEBUG_INFORMATION_FORMAT = "dwarf-with-dsym";
				ENABLE_NS_ASSERTIONS = NO;
				ENABLE_STRICT_OBJC_MSGSEND = YES;
				GCC_C_LANGUAGE_STANDARD = gnu99;
				GCC_NO_COMMON_BLOCKS = YES;
				GCC_WARN_64_TO_32_BIT_CONVERSION = YES;
				GCC_WARN_ABOUT_RETURN_TYPE = YES_ERROR;
				GCC_WARN_UNDECLARED_SELECTOR = YES;
				GCC_WARN_UNINITIALIZED_AUTOS = YES_AGGRESSIVE;
				GCC_WARN_UNUSED_FUNCTION = YES;
				GCC_WARN_UNUSED_VARIABLE = YES;
				IPHONEOS_DEPLOYMENT_TARGET = 10.3;
				MTL_ENABLE_DEBUG_INFO = NO;
				SDKROOT = iphoneos;
				TARGETED_DEVICE_FAMILY = "1,2";
				VALIDATE_PRODUCT = YES;
			};
			name = Release;
		};
		FE1D7F4C1F06A3420028CCA8 /* Debug */ = {
			isa = XCBuildConfiguration;
			buildSettings = {
				ASSETCATALOG_COMPILER_APPICON_NAME = AppIcon;
				INFOPLIST_FILE = TestCarthageDemo/Info.plist;
				LD_RUNPATH_SEARCH_PATHS = "$(inherited) @executable_path/Frameworks";
				PRODUCT_BUNDLE_IDENTIFIER = DJWebClub.TestCarthageDemo;
				PRODUCT_NAME = "$(TARGET_NAME)";
			};
			name = Debug;
		};
		FE1D7F4D1F06A3420028CCA8 /* Release */ = {
			isa = XCBuildConfiguration;
			buildSettings = {
				ASSETCATALOG_COMPILER_APPICON_NAME = AppIcon;
				INFOPLIST_FILE = TestCarthageDemo/Info.plist;
				LD_RUNPATH_SEARCH_PATHS = "$(inherited) @executable_path/Frameworks";
				PRODUCT_BUNDLE_IDENTIFIER = DJWebClub.TestCarthageDemo;
				PRODUCT_NAME = "$(TARGET_NAME)";
			};
			name = Release;
		};
		FE1D7F4F1F06A3420028CCA8 /* Debug */ = {
			isa = XCBuildConfiguration;
			buildSettings = {
				BUNDLE_LOADER = "$(TEST_HOST)";
				INFOPLIST_FILE = TestCarthageDemoTests/Info.plist;
				LD_RUNPATH_SEARCH_PATHS = "$(inherited) @executable_path/Frameworks @loader_path/Frameworks";
				PRODUCT_BUNDLE_IDENTIFIER = DJWebClub.TestCarthageDemoTests;
				PRODUCT_NAME = "$(TARGET_NAME)";
				TEST_HOST = "$(BUILT_PRODUCTS_DIR)/TestCarthageDemo.app/TestCarthageDemo";
			};
			name = Debug;
		};
		FE1D7F501F06A3420028CCA8 /* Release */ = {
			isa = XCBuildConfiguration;
			buildSettings = {
				BUNDLE_LOADER = "$(TEST_HOST)";
				INFOPLIST_FILE = TestCarthageDemoTests/Info.plist;
				LD_RUNPATH_SEARCH_PATHS = "$(inherited) @executable_path/Frameworks @loader_path/Frameworks";
				PRODUCT_BUNDLE_IDENTIFIER = DJWebClub.TestCarthageDemoTests;
				PRODUCT_NAME = "$(TARGET_NAME)";
				TEST_HOST = "$(BUILT_PRODUCTS_DIR)/TestCarthageDemo.app/TestCarthageDemo";
			};
			name = Release;
		};
		FE1D7F521F06A3420028CCA8 /* Debug */ = {
			isa = XCBuildConfiguration;
			buildSettings = {
				INFOPLIST_FILE = TestCarthageDemoUITests/Info.plist;
				LD_RUNPATH_SEARCH_PATHS = "$(inherited) @executable_path/Frameworks @loader_path/Frameworks";
				PRODUCT_BUNDLE_IDENTIFIER = DJWebClub.TestCarthageDemoUITests;
				PRODUCT_NAME = "$(TARGET_NAME)";
				TEST_TARGET_NAME = TestCarthageDemo;
			};
			name = Debug;
		};
		FE1D7F531F06A3420028CCA8 /* Release */ = {
			isa = XCBuildConfiguration;
			buildSettings = {
				INFOPLIST_FILE = TestCarthageDemoUITests/Info.plist;
				LD_RUNPATH_SEARCH_PATHS = "$(inherited) @executable_path/Frameworks @loader_path/Frameworks";
				PRODUCT_BUNDLE_IDENTIFIER = DJWebClub.TestCarthageDemoUITests;
				PRODUCT_NAME = "$(TARGET_NAME)";
				TEST_TARGET_NAME = TestCarthageDemo;
			};
			name = Release;
		};
		FE1D7FA11F06A95A0028CCA8 /* Debug */ = {
			isa = XCBuildConfiguration;
			buildSettings = {
				CODE_SIGN_IDENTITY = "";
				CURRENT_PROJECT_VERSION = 1;
				DEFINES_MODULE = YES;
				DYLIB_COMPATIBILITY_VERSION = 1;
				DYLIB_CURRENT_VERSION = 1;
				DYLIB_INSTALL_NAME_BASE = "@rpath";
				INFOPLIST_FILE = MyCarthageFramework/Info.plist;
				INSTALL_PATH = "$(LOCAL_LIBRARY_DIR)/Frameworks";
				LD_RUNPATH_SEARCH_PATHS = "$(inherited) @executable_path/Frameworks @loader_path/Frameworks";
				PRODUCT_BUNDLE_IDENTIFIER = DJWebClub.MyCarthageFramework;
				PRODUCT_MODULE_NAME = MyCarthage;
				PRODUCT_NAME = MyCarthage;
				SKIP_INSTALL = YES;
				VERSIONING_SYSTEM = "apple-generic";
				VERSION_INFO_PREFIX = "";
			};
			name = Debug;
		};
		FE1D7FA21F06A95A0028CCA8 /* Release */ = {
			isa = XCBuildConfiguration;
			buildSettings = {
				CODE_SIGN_IDENTITY = "";
				CURRENT_PROJECT_VERSION = 1;
				DEFINES_MODULE = YES;
				DYLIB_COMPATIBILITY_VERSION = 1;
				DYLIB_CURRENT_VERSION = 1;
				DYLIB_INSTALL_NAME_BASE = "@rpath";
				INFOPLIST_FILE = MyCarthageFramework/Info.plist;
				INSTALL_PATH = "$(LOCAL_LIBRARY_DIR)/Frameworks";
				LD_RUNPATH_SEARCH_PATHS = "$(inherited) @executable_path/Frameworks @loader_path/Frameworks";
				PRODUCT_BUNDLE_IDENTIFIER = DJWebClub.MyCarthageFramework;
				PRODUCT_MODULE_NAME = MyCarthage;
				PRODUCT_NAME = MyCarthage;
				SKIP_INSTALL = YES;
				VERSIONING_SYSTEM = "apple-generic";
				VERSION_INFO_PREFIX = "";
			};
			name = Release;
		};
		FE1D7FA51F06A95A0028CCA8 /* Debug */ = {
			isa = XCBuildConfiguration;
			buildSettings = {
				INFOPLIST_FILE = MyCarthageFrameworkTests/Info.plist;
				LD_RUNPATH_SEARCH_PATHS = "$(inherited) @executable_path/Frameworks @loader_path/Frameworks";
				PRODUCT_BUNDLE_IDENTIFIER = DJWebClub.MyCarthageFrameworkTests;
				PRODUCT_NAME = "$(TARGET_NAME)";
				TEST_HOST = "$(BUILT_PRODUCTS_DIR)/TestCarthageDemo.app/TestCarthageDemo";
			};
			name = Debug;
		};
		FE1D7FA61F06A95A0028CCA8 /* Release */ = {
			isa = XCBuildConfiguration;
			buildSettings = {
				INFOPLIST_FILE = MyCarthageFrameworkTests/Info.plist;
				LD_RUNPATH_SEARCH_PATHS = "$(inherited) @executable_path/Frameworks @loader_path/Frameworks";
				PRODUCT_BUNDLE_IDENTIFIER = DJWebClub.MyCarthageFrameworkTests;
				PRODUCT_NAME = "$(TARGET_NAME)";
				TEST_HOST = "$(BUILT_PRODUCTS_DIR)/TestCarthageDemo.app/TestCarthageDemo";
			};
			name = Release;
		};
/* End XCBuildConfiguration section */

/* Begin XCConfigurationList section */
		FE1D7F191F06A3420028CCA8 /* Build configuration list for PBXProject "TestCarthageDemo" */ = {
			isa = XCConfigurationList;
			buildConfigurations = (
				FE1D7F491F06A3420028CCA8 /* Debug */,
				FE1D7F4A1F06A3420028CCA8 /* Release */,
			);
			defaultConfigurationIsVisible = 0;
			defaultConfigurationName = Release;
		};
		FE1D7F4B1F06A3420028CCA8 /* Build configuration list for PBXNativeTarget "TestCarthageDemo" */ = {
			isa = XCConfigurationList;
			buildConfigurations = (
				FE1D7F4C1F06A3420028CCA8 /* Debug */,
				FE1D7F4D1F06A3420028CCA8 /* Release */,
			);
			defaultConfigurationIsVisible = 0;
			defaultConfigurationName = Release;
		};
		FE1D7F4E1F06A3420028CCA8 /* Build configuration list for PBXNativeTarget "TestCarthageDemoTests" */ = {
			isa = XCConfigurationList;
			buildConfigurations = (
				FE1D7F4F1F06A3420028CCA8 /* Debug */,
				FE1D7F501F06A3420028CCA8 /* Release */,
			);
			defaultConfigurationIsVisible = 0;
			defaultConfigurationName = Release;
		};
		FE1D7F511F06A3420028CCA8 /* Build configuration list for PBXNativeTarget "TestCarthageDemoUITests" */ = {
			isa = XCConfigurationList;
			buildConfigurations = (
				FE1D7F521F06A3420028CCA8 /* Debug */,
				FE1D7F531F06A3420028CCA8 /* Release */,
			);
			defaultConfigurationIsVisible = 0;
			defaultConfigurationName = Release;
		};
		FE1D7FA01F06A95A0028CCA8 /* Build configuration list for PBXNativeTarget "MyCarthageFramework" */ = {
			isa = XCConfigurationList;
			buildConfigurations = (
				FE1D7FA11F06A95A0028CCA8 /* Debug */,
				FE1D7FA21F06A95A0028CCA8 /* Release */,
			);
			defaultConfigurationIsVisible = 0;
		};
		FE1D7FA41F06A95A0028CCA8 /* Build configuration list for PBXNativeTarget "MyCarthageFrameworkTests" */ = {
			isa = XCConfigurationList;
			buildConfigurations = (
				FE1D7FA51F06A95A0028CCA8 /* Debug */,
				FE1D7FA61F06A95A0028CCA8 /* Release */,
			);
			defaultConfigurationIsVisible = 0;
		};
/* End XCConfigurationList section */
	};
	rootObject = FE1D7F161F06A3420028CCA8 /* Project object */;
}
